{
  "version": 4,
  "terraform_version": "1.14.1",
  "serial": 4,
  "lineage": "016d83d5-6007-7e8d-f326-262bc325e18b",
  "outputs": {
    "backend_container": {
      "value": "tfstate",
      "type": "string"
    },
    "backend_resource_group": {
      "value": "tfstate-global-rg",
      "type": "string"
    },
    "backend_storage_account": {
      "value": "pankajtfstateprod123",
      "type": "string"
    }
  },
  "resources": [
    {
      "mode": "managed",
      "type": "azurerm_resource_group",
      "name": "tfstate_rg",
      "provider": "provider[\"registry.terraform.io/hashicorp/azurerm\"]",
      "instances": [
        {
          "schema_version": 0,
          "attributes": {
            "id": "/subscriptions/8618031d-ad43-42d5-b710-12eb173c5621/resourceGroups/tfstate-global-rg",
            "location": "eastus",
            "managed_by": "",
            "name": "tfstate-global-rg",
            "tags": {
              "environment": "global",
              "owner": "Pankaj",
              "purpose": "terraform-backend"
            },
            "timeouts": null
          },
          "sensitive_attributes": [],
          "identity_schema_version": 0,
          "identity": {
            "name": "tfstate-global-rg",
            "subscription_id": "8618031d-ad43-42d5-b710-12eb173c5621"
          },
          "private": "eyJlMmJmYjczMC1lY2FhLTExZTYtOGY4OC0zNDM2M2JjN2M0YzAiOnsiY3JlYXRlIjo1NDAwMDAwMDAwMDAwLCJkZWxldGUiOjU0MDAwMDAwMDAwMDAsInJlYWQiOjMwMDAwMDAwMDAwMCwidXBkYXRlIjo1NDAwMDAwMDAwMDAwfX0="
        }
      ]
    },
    {
      "mode": "managed",
      "type": "azurerm_storage_account",
      "name": "tfstate_sa",
      "provider": "provider[\"registry.terraform.io/hashicorp/azurerm\"]",
      "instances": [
        {
          "schema_version": 4,
          "attributes": {
            "access_tier": "Hot",
            "account_kind": "StorageV2",
            "account_replication_type": "LRS",
            "account_tier": "Standard",
            "allow_nested_items_to_be_public": false,
            "allowed_copy_scope": "",
            "azure_files_authentication": [],
            "blob_properties": [
              {
                "change_feed_enabled": false,
                "change_feed_retention_in_days": 0,
                "container_delete_retention_policy": [],
                "cors_rule": [],
                "default_service_version": "",
                "delete_retention_policy": [],
                "last_access_time_enabled": false,
                "restore_policy": [],
                "versioning_enabled": false
              }
            ],
            "cross_tenant_replication_enabled": false,
            "custom_domain": [],
            "customer_managed_key": [],
            "default_to_oauth_authentication": false,
            "dns_endpoint_type": "Standard",
            "edge_zone": "",
            "https_traffic_only_enabled": true,
            "id": "/subscriptions/8618031d-ad43-42d5-b710-12eb173c5621/resourceGroups/tfstate-global-rg/providers/Microsoft.Storage/storageAccounts/pankajtfstateprod123",
            "identity": [],
            "immutability_policy": [],
            "infrastructure_encryption_enabled": false,
            "is_hns_enabled": false,
            "large_file_share_enabled": false,
            "local_user_enabled": true,
            "location": "eastus",
            "min_tls_version": "TLS1_2",
            "name": "pankajtfstateprod123",
            "network_rules": [],
            "nfsv3_enabled": false,
            "primary_access_key": "MhBf8C5X6aml1OIkpRzc4Sn4Eazzb1sZDNECzGd37mchc5aoFkjF1YBAQSkk77yhNxsqsATzG+H8+AStKAzUbA==",
            "primary_blob_connection_string": "DefaultEndpointsProtocol=https;BlobEndpoint=https://pankajtfstateprod123.blob.core.windows.net/;AccountName=pankajtfstateprod123;AccountKey=MhBf8C5X6aml1OIkpRzc4Sn4Eazzb1sZDNECzGd37mchc5aoFkjF1YBAQSkk77yhNxsqsATzG+H8+AStKAzUbA==",
            "primary_blob_endpoint": "https://pankajtfstateprod123.blob.core.windows.net/",
            "primary_blob_host": "pankajtfstateprod123.blob.core.windows.net",
            "primary_blob_internet_endpoint": "",
            "primary_blob_internet_host": "",
            "primary_blob_microsoft_endpoint": "",
            "primary_blob_microsoft_host": "",
            "primary_connection_string": "DefaultEndpointsProtocol=https;AccountName=pankajtfstateprod123;AccountKey=MhBf8C5X6aml1OIkpRzc4Sn4Eazzb1sZDNECzGd37mchc5aoFkjF1YBAQSkk77yhNxsqsATzG+H8+AStKAzUbA==;EndpointSuffix=core.windows.net",
            "primary_dfs_endpoint": "https://pankajtfstateprod123.dfs.core.windows.net/",
            "primary_dfs_host": "pankajtfstateprod123.dfs.core.windows.net",
            "primary_dfs_internet_endpoint": "",
            "primary_dfs_internet_host": "",
            "primary_dfs_microsoft_endpoint": "",
            "primary_dfs_microsoft_host": "",
            "primary_file_endpoint": "https://pankajtfstateprod123.file.core.windows.net/",
            "primary_file_host": "pankajtfstateprod123.file.core.windows.net",
            "primary_file_internet_endpoint": "",
            "primary_file_internet_host": "",
            "primary_file_microsoft_endpoint": "",
            "primary_file_microsoft_host": "",
            "primary_location": "eastus",
            "primary_queue_endpoint": "https://pankajtfstateprod123.queue.core.windows.net/",
            "primary_queue_host": "pankajtfstateprod123.queue.core.windows.net",
            "primary_queue_microsoft_endpoint": "",
            "primary_queue_microsoft_host": "",
            "primary_table_endpoint": "https://pankajtfstateprod123.table.core.windows.net/",
            "primary_table_host": "pankajtfstateprod123.table.core.windows.net",
            "primary_table_microsoft_endpoint": "",
            "primary_table_microsoft_host": "",
            "primary_web_endpoint": "https://pankajtfstateprod123.z13.web.core.windows.net/",
            "primary_web_host": "pankajtfstateprod123.z13.web.core.windows.net",
            "primary_web_internet_endpoint": "",
            "primary_web_internet_host": "",
            "primary_web_microsoft_endpoint": "",
            "primary_web_microsoft_host": "",
            "provisioned_billing_model_version": "",
            "public_network_access_enabled": true,
            "queue_encryption_key_type": "Service",
            "queue_properties": [
              {
                "cors_rule": [],
                "hour_metrics": [
                  {
                    "enabled": false,
                    "include_apis": false,
                    "retention_policy_days": 0,
                    "version": "1.0"
                  }
                ],
                "logging": [
                  {
                    "delete": false,
                    "read": false,
                    "retention_policy_days": 0,
                    "version": "1.0",
                    "write": false
                  }
                ],
                "minute_metrics": [
                  {
                    "enabled": false,
                    "include_apis": false,
                    "retention_policy_days": 0,
                    "version": "1.0"
                  }
                ]
              }
            ],
            "resource_group_name": "tfstate-global-rg",
            "routing": [],
            "sas_policy": [],
            "secondary_access_key": "iMMSUN5Y57n9W7JnoGsOB1V/hLl8xfVYnWQHGu77XIiOXr/xHXz6qZi1eioborFzk3myoiKzccex+AStVqq34w==",
            "secondary_blob_connection_string": "",
            "secondary_blob_endpoint": "",
            "secondary_blob_host": "",
            "secondary_blob_internet_endpoint": "",
            "secondary_blob_internet_host": "",
            "secondary_blob_microsoft_endpoint": "",
            "secondary_blob_microsoft_host": "",
            "secondary_connection_string": "DefaultEndpointsProtocol=https;AccountName=pankajtfstateprod123;AccountKey=iMMSUN5Y57n9W7JnoGsOB1V/hLl8xfVYnWQHGu77XIiOXr/xHXz6qZi1eioborFzk3myoiKzccex+AStVqq34w==;EndpointSuffix=core.windows.net",
            "secondary_dfs_endpoint": "",
            "secondary_dfs_host": "",
            "secondary_dfs_internet_endpoint": "",
            "secondary_dfs_internet_host": "",
            "secondary_dfs_microsoft_endpoint": "",
            "secondary_dfs_microsoft_host": "",
            "secondary_file_endpoint": "",
            "secondary_file_host": "",
            "secondary_file_internet_endpoint": "",
            "secondary_file_internet_host": "",
            "secondary_file_microsoft_endpoint": "",
            "secondary_file_microsoft_host": "",
            "secondary_location": "",
            "secondary_queue_endpoint": "",
            "secondary_queue_host": "",
            "secondary_queue_microsoft_endpoint": "",
            "secondary_queue_microsoft_host": "",
            "secondary_table_endpoint": "",
            "secondary_table_host": "",
            "secondary_table_microsoft_endpoint": "",
            "secondary_table_microsoft_host": "",
            "secondary_web_endpoint": "",
            "secondary_web_host": "",
            "secondary_web_internet_endpoint": "",
            "secondary_web_internet_host": "",
            "secondary_web_microsoft_endpoint": "",
            "secondary_web_microsoft_host": "",
            "sftp_enabled": false,
            "share_properties": [
              {
                "cors_rule": [],
                "retention_policy": [
                  {
                    "days": 7
                  }
                ],
                "smb": []
              }
            ],
            "shared_access_key_enabled": true,
            "static_website": [],
            "table_encryption_key_type": "Service",
            "tags": {
              "environment": "global",
              "purpose": "terraform-backend"
            },
            "timeouts": null
          },
          "sensitive_attributes": [
            [
              {
                "type": "get_attr",
                "value": "primary_access_key"
              }
            ],
            [
              {
                "type": "get_attr",
                "value": "primary_blob_connection_string"
              }
            ],
            [
              {
                "type": "get_attr",
                "value": "primary_connection_string"
              }
            ],
            [
              {
                "type": "get_attr",
                "value": "secondary_access_key"
              }
            ],
            [
              {
                "type": "get_attr",
                "value": "secondary_blob_connection_string"
              }
            ],
            [
              {
                "type": "get_attr",
                "value": "secondary_connection_string"
              }
            ]
          ],
          "identity_schema_version": 0,
          "identity": {
            "name": "pankajtfstateprod123",
            "resource_group_name": "tfstate-global-rg",
            "subscription_id": "8618031d-ad43-42d5-b710-12eb173c5621"
          },
          "private": "eyJlMmJmYjczMC1lY2FhLTExZTYtOGY4OC0zNDM2M2JjN2M0YzAiOnsiY3JlYXRlIjozNjAwMDAwMDAwMDAwLCJkZWxldGUiOjM2MDAwMDAwMDAwMDAsInJlYWQiOjMwMDAwMDAwMDAwMCwidXBkYXRlIjozNjAwMDAwMDAwMDAwfSwic2NoZW1hX3ZlcnNpb24iOiI0In0=",
          "dependencies": [
            "azurerm_resource_group.tfstate_rg"
          ]
        }
      ]
    },
    {
      "mode": "managed",
      "type": "azurerm_storage_container",
      "name": "tfstate_container",
      "provider": "provider[\"registry.terraform.io/hashicorp/azurerm\"]",
      "instances": [
        {
          "schema_version": 1,
          "attributes": {
            "container_access_type": "private",
            "default_encryption_scope": "$account-encryption-key",
            "encryption_scope_override_enabled": true,
            "has_immutability_policy": false,
            "has_legal_hold": false,
            "id": "/subscriptions/8618031d-ad43-42d5-b710-12eb173c5621/resourceGroups/tfstate-global-rg/providers/Microsoft.Storage/storageAccounts/pankajtfstateprod123/blobServices/default/containers/tfstate",
            "metadata": {},
            "name": "tfstate",
            "resource_manager_id": "/subscriptions/8618031d-ad43-42d5-b710-12eb173c5621/resourceGroups/tfstate-global-rg/providers/Microsoft.Storage/storageAccounts/pankajtfstateprod123/blobServices/default/containers/tfstate",
            "storage_account_id": "/subscriptions/8618031d-ad43-42d5-b710-12eb173c5621/resourceGroups/tfstate-global-rg/providers/Microsoft.Storage/storageAccounts/pankajtfstateprod123",
            "storage_account_name": "",
            "timeouts": null
          },
          "sensitive_attributes": [],
          "identity_schema_version": 0,
          "private": "eyJlMmJmYjczMC1lY2FhLTExZTYtOGY4OC0zNDM2M2JjN2M0YzAiOnsiY3JlYXRlIjoxODAwMDAwMDAwMDAwLCJkZWxldGUiOjE4MDAwMDAwMDAwMDAsInJlYWQiOjMwMDAwMDAwMDAwMCwidXBkYXRlIjoxODAwMDAwMDAwMDAwfSwic2NoZW1hX3ZlcnNpb24iOiIxIn0=",
          "dependencies": [
            "azurerm_resource_group.tfstate_rg",
            "azurerm_storage_account.tfstate_sa"
          ]
        }
      ]
    }
  ],
  "check_results": null
}
